
Microsoft Visual Studio Solution File, Format Version 12.00
# Visual Studio Version 17
VisualStudioVersion = 17.4.33015.44
MinimumVisualStudioVersion = 10.0.40219.1
Project("{9A19103F-16F7-4668-BE54-9A1E7A4F7556}") = "DutWrapper", "DutWrapper\DutWrapper.csproj", "{5AC98FEA-45D6-4432-9894-74FB3EB1D583}"
EndProject
Project("{9A19103F-16F7-4668-BE54-9A1E7A4F7556}") = "DutWrapper.TestRunner", "DutWrapper.TestRunner\DutWrapper.TestRunner.csproj", "{D13745ED-E074-4830-8431-9F0F42AA1AFC}"
EndProject
Project("{FAE04EC0-301F-11D3-BF4B-00C04F79EFBC}") = "DutWrapper.UWP", "DutWrapper.UWP\DutWrapper.UWP.csproj", "{22CB07F0-E456-4F07-81F5-3D34FBFD9AA6}"
EndProject
Project("{FAE04EC0-301F-11D3-BF4B-00C04F79EFBC}") = "DutWrapper.TestRunnerConsole", "DutWrapper.TestRunnerConsole\DutWrapper.TestRunnerConsole.csproj", "{11466457-3235-4501-A591-BCFC634A0BD4}"
EndProject
Global
	GlobalSection(SolutionConfigurationPlatforms) = preSolution
		Debug|Any CPU = Debug|Any CPU
		Debug|ARM = Debug|ARM
		Debug|ARM64 = Debug|ARM64
		Debug|x64 = Debug|x64
		Debug|x86 = Debug|x86
		Release|Any CPU = Release|Any CPU
		Release|ARM = Release|ARM
		Release|ARM64 = Release|ARM64
		Release|x64 = Release|x64
		Release|x86 = Release|x86
	EndGlobalSection
	GlobalSection(ProjectConfigurationPlatforms) = postSolution
		{5AC98FEA-45D6-4432-9894-74FB3EB1D583}.Debug|Any CPU.ActiveCfg = Debug|Any CPU
		{5AC98FEA-45D6-4432-9894-74FB3EB1D583}.Debug|Any CPU.Build.0 = Debug|Any CPU
		{5AC98FEA-45D6-4432-9894-74FB3EB1D583}.Debug|ARM.ActiveCfg = Debug|Any CPU
		{5AC98FEA-45D6-4432-9894-74FB3EB1D583}.Debug|ARM.Build.0 = Debug|Any CPU
		{5AC98FEA-45D6-4432-9894-74FB3EB1D583}.Debug|ARM64.ActiveCfg = Debug|Any CPU
		{5AC98FEA-45D6-4432-9894-74FB3EB1D583}.Debug|ARM64.Build.0 = Debug|Any CPU
		{5AC98FEA-45D6-4432-9894-74FB3EB1D583}.Debug|x64.ActiveCfg = Debug|Any CPU
		{5AC98FEA-45D6-4432-9894-74FB3EB1D583}.Debug|x64.Build.0 = Debug|Any CPU
		{5AC98FEA-45D6-4432-9894-74FB3EB1D583}.Debug|x86.ActiveCfg = Debug|Any CPU
		{5AC98FEA-45D6-4432-9894-74FB3EB1D583}.Debug|x86.Build.0 = Debug|Any CPU
		{5AC98FEA-45D6-4432-9894-74FB3EB1D583}.Release|Any CPU.ActiveCfg = Release|Any CPU
		{5AC98FEA-45D6-4432-9894-74FB3EB1D583}.Release|Any CPU.Build.0 = Release|Any CPU
		{5AC98FEA-45D6-4432-9894-74FB3EB1D583}.Release|ARM.ActiveCfg = Release|Any CPU
		{5AC98FEA-45D6-4432-9894-74FB3EB1D583}.Release|ARM.Build.0 = Release|Any CPU
		{5AC98FEA-45D6-4432-9894-74FB3EB1D583}.Release|ARM64.ActiveCfg = Release|Any CPU
		{5AC98FEA-45D6-4432-9894-74FB3EB1D583}.Release|ARM64.Build.0 = Release|Any CPU
		{5AC98FEA-45D6-4432-9894-74FB3EB1D583}.Release|x64.ActiveCfg = Release|Any CPU
		{5AC98FEA-45D6-4432-9894-74FB3EB1D583}.Release|x64.Build.0 = Release|Any CPU
		{5AC98FEA-45D6-4432-9894-74FB3EB1D583}.Release|x86.ActiveCfg = Release|Any CPU
		{5AC98FEA-45D6-4432-9894-74FB3EB1D583}.Release|x86.Build.0 = Release|Any CPU
		{D13745ED-E074-4830-8431-9F0F42AA1AFC}.Debug|Any CPU.ActiveCfg = Debug|Any CPU
		{D13745ED-E074-4830-8431-9F0F42AA1AFC}.Debug|Any CPU.Build.0 = Debug|Any CPU
		{D13745ED-E074-4830-8431-9F0F42AA1AFC}.Debug|ARM.ActiveCfg = Debug|Any CPU
		{D13745ED-E074-4830-8431-9F0F42AA1AFC}.Debug|ARM.Build.0 = Debug|Any CPU
		{D13745ED-E074-4830-8431-9F0F42AA1AFC}.Debug|ARM64.ActiveCfg = Debug|Any CPU
		{D13745ED-E074-4830-8431-9F0F42AA1AFC}.Debug|ARM64.Build.0 = Debug|Any CPU
		{D13745ED-E074-4830-8431-9F0F42AA1AFC}.Debug|x64.ActiveCfg = Debug|Any CPU
		{D13745ED-E074-4830-8431-9F0F42AA1AFC}.Debug|x64.Build.0 = Debug|Any CPU
		{D13745ED-E074-4830-8431-9F0F42AA1AFC}.Debug|x86.ActiveCfg = Debug|Any CPU
		{D13745ED-E074-4830-8431-9F0F42AA1AFC}.Debug|x86.Build.0 = Debug|Any CPU
		{D13745ED-E074-4830-8431-9F0F42AA1AFC}.Release|Any CPU.ActiveCfg = Release|Any CPU
		{D13745ED-E074-4830-8431-9F0F42AA1AFC}.Release|Any CPU.Build.0 = Release|Any CPU
		{D13745ED-E074-4830-8431-9F0F42AA1AFC}.Release|ARM.ActiveCfg = Release|Any CPU
		{D13745ED-E074-4830-8431-9F0F42AA1AFC}.Release|ARM.Build.0 = Release|Any CPU
		{D13745ED-E074-4830-8431-9F0F42AA1AFC}.Release|ARM64.ActiveCfg = Release|Any CPU
		{D13745ED-E074-4830-8431-9F0F42AA1AFC}.Release|ARM64.Build.0 = Release|Any CPU
		{D13745ED-E074-4830-8431-9F0F42AA1AFC}.Release|x64.ActiveCfg = Release|Any CPU
		{D13745ED-E074-4830-8431-9F0F42AA1AFC}.Release|x64.Build.0 = Release|Any CPU
		{D13745ED-E074-4830-8431-9F0F42AA1AFC}.Release|x86.ActiveCfg = Release|Any CPU
		{D13745ED-E074-4830-8431-9F0F42AA1AFC}.Release|x86.Build.0 = Release|Any CPU
		{22CB07F0-E456-4F07-81F5-3D34FBFD9AA6}.Debug|Any CPU.ActiveCfg = Debug|Any CPU
		{22CB07F0-E456-4F07-81F5-3D34FBFD9AA6}.Debug|Any CPU.Build.0 = Debug|Any CPU
		{22CB07F0-E456-4F07-81F5-3D34FBFD9AA6}.Debug|ARM.ActiveCfg = Debug|ARM
		{22CB07F0-E456-4F07-81F5-3D34FBFD9AA6}.Debug|ARM.Build.0 = Debug|ARM
		{22CB07F0-E456-4F07-81F5-3D34FBFD9AA6}.Debug|ARM64.ActiveCfg = Debug|ARM64
		{22CB07F0-E456-4F07-81F5-3D34FBFD9AA6}.Debug|ARM64.Build.0 = Debug|ARM64
		{22CB07F0-E456-4F07-81F5-3D34FBFD9AA6}.Debug|x64.ActiveCfg = Debug|x64
		{22CB07F0-E456-4F07-81F5-3D34FBFD9AA6}.Debug|x64.Build.0 = Debug|x64
		{22CB07F0-E456-4F07-81F5-3D34FBFD9AA6}.Debug|x86.ActiveCfg = Debug|x86
		{22CB07F0-E456-4F07-81F5-3D34FBFD9AA6}.Debug|x86.Build.0 = Debug|x86
		{22CB07F0-E456-4F07-81F5-3D34FBFD9AA6}.Release|Any CPU.ActiveCfg = Release|Any CPU
		{22CB07F0-E456-4F07-81F5-3D34FBFD9AA6}.Release|Any CPU.Build.0 = Release|Any CPU
		{22CB07F0-E456-4F07-81F5-3D34FBFD9AA6}.Release|ARM.ActiveCfg = Release|ARM
		{22CB07F0-E456-4F07-81F5-3D34FBFD9AA6}.Release|ARM.Build.0 = Release|ARM
		{22CB07F0-E456-4F07-81F5-3D34FBFD9AA6}.Release|ARM64.ActiveCfg = Release|ARM64
		{22CB07F0-E456-4F07-81F5-3D34FBFD9AA6}.Release|ARM64.Build.0 = Release|ARM64
		{22CB07F0-E456-4F07-81F5-3D34FBFD9AA6}.Release|x64.ActiveCfg = Release|x64
		{22CB07F0-E456-4F07-81F5-3D34FBFD9AA6}.Release|x64.Build.0 = Release|x64
		{22CB07F0-E456-4F07-81F5-3D34FBFD9AA6}.Release|x86.ActiveCfg = Release|x86
		{22CB07F0-E456-4F07-81F5-3D34FBFD9AA6}.Release|x86.Build.0 = Release|x86
		{11466457-3235-4501-A591-BCFC634A0BD4}.Debug|Any CPU.ActiveCfg = Debug|Any CPU
		{11466457-3235-4501-A591-BCFC634A0BD4}.Debug|Any CPU.Build.0 = Debug|Any CPU
		{11466457-3235-4501-A591-BCFC634A0BD4}.Debug|ARM.ActiveCfg = Debug|Any CPU
		{11466457-3235-4501-A591-BCFC634A0BD4}.Debug|ARM.Build.0 = Debug|Any CPU
		{11466457-3235-4501-A591-BCFC634A0BD4}.Debug|ARM64.ActiveCfg = Debug|Any CPU
		{11466457-3235-4501-A591-BCFC634A0BD4}.Debug|ARM64.Build.0 = Debug|Any CPU
		{11466457-3235-4501-A591-BCFC634A0BD4}.Debug|x64.ActiveCfg = Debug|Any CPU
		{11466457-3235-4501-A591-BCFC634A0BD4}.Debug|x64.Build.0 = Debug|Any CPU
		{11466457-3235-4501-A591-BCFC634A0BD4}.Debug|x86.ActiveCfg = Debug|Any CPU
		{11466457-3235-4501-A591-BCFC634A0BD4}.Debug|x86.Build.0 = Debug|Any CPU
		{11466457-3235-4501-A591-BCFC634A0BD4}.Release|Any CPU.ActiveCfg = Release|Any CPU
		{11466457-3235-4501-A591-BCFC634A0BD4}.Release|Any CPU.Build.0 = Release|Any CPU
		{11466457-3235-4501-A591-BCFC634A0BD4}.Release|ARM.ActiveCfg = Release|Any CPU
		{11466457-3235-4501-A591-BCFC634A0BD4}.Release|ARM.Build.0 = Release|Any CPU
		{11466457-3235-4501-A591-BCFC634A0BD4}.Release|ARM64.ActiveCfg = Release|Any CPU
		{11466457-3235-4501-A591-BCFC634A0BD4}.Release|ARM64.Build.0 = Release|Any CPU
		{11466457-3235-4501-A591-BCFC634A0BD4}.Release|x64.ActiveCfg = Release|Any CPU
		{11466457-3235-4501-A591-BCFC634A0BD4}.Release|x64.Build.0 = Release|Any CPU
		{11466457-3235-4501-A591-BCFC634A0BD4}.Release|x86.ActiveCfg = Release|Any CPU
		{11466457-3235-4501-A591-BCFC634A0BD4}.Release|x86.Build.0 = Release|Any CPU
	EndGlobalSection
	GlobalSection(SolutionProperties) = preSolution
		HideSolutionNode = FALSE
	EndGlobalSection
	GlobalSection(ExtensibilityGlobals) = postSolution
		SolutionGuid = {06AB88B6-D47E-4DEE-B1F5-8C23E8CD6355}
	EndGlobalSection
EndGlobal
